
Microsoft Visual Studio Solution File, Format Version 12.00
# Visual Studio 2013
VisualStudioVersion = 12.0.31101.0
MinimumVisualStudioVersion = 10.0.40219.1
Project("{FAE04EC0-301F-11D3-BF4B-00C04F79EFBC}") = "OddOrEvenIntegers", "OddOrEvenIntegers\OddOrEvenIntegers.csproj", "{3B68A408-F641-4460-ABDE-E5B9FB9B2F5D}"
EndProject
Project("{FAE04EC0-301F-11D3-BF4B-00C04F79EFBC}") = "Gravitation-on-the-Moon", "Gravitation-on-the-Moon\Gravitation-on-the-Moon.csproj", "{39A2F695-150F-41D8-9862-D5C789814D88}"
EndProject
Project("{FAE04EC0-301F-11D3-BF4B-00C04F79EFBC}") = "DivideBy7And5", "DivideBy7And5\DivideBy7And5.csproj", "{12F42DE4-899F-4F11-8031-CE7239F1382C}"
EndProject
Project("{FAE04EC0-301F-11D3-BF4B-00C04F79EFBC}") = "Rectangles", "Rectangles\Rectangles.csproj", "{FCFA2A7F-EFF4-41EF-83D5-AA685DB0BB8B}"
EndProject
Project("{FAE04EC0-301F-11D3-BF4B-00C04F79EFBC}") = "ThirdDigitIs7", "ThirdDigitIs7\ThirdDigitIs7.csproj", "{7C693F37-7978-4C39-A4C1-539842CB2B7F}"
EndProject
Project("{FAE04EC0-301F-11D3-BF4B-00C04F79EFBC}") = "Four-DigitNumber", "Four-DigitNumber\Four-DigitNumber.csproj", "{5CAD00B5-A05B-492B-9318-1FF36AAD545E}"
EndProject
Project("{FAE04EC0-301F-11D3-BF4B-00C04F79EFBC}") = "Point_in_a_Circle", "Point_in_a_Circle\Point_in_a_Circle.csproj", "{94E4C0AF-BCF4-4EEF-96B6-8506220AED23}"
EndProject
Project("{FAE04EC0-301F-11D3-BF4B-00C04F79EFBC}") = "PrimeNumberCheck", "PrimeNumberCheck\PrimeNumberCheck.csproj", "{53E0032C-D8EF-498C-8C7B-55DA88CCA134}"
EndProject
Project("{FAE04EC0-301F-11D3-BF4B-00C04F79EFBC}") = "Trapezoids", "Trapezoids\Trapezoids.csproj", "{632172C7-6351-4A1A-8418-ACA4361E4090}"
EndProject
Project("{FAE04EC0-301F-11D3-BF4B-00C04F79EFBC}") = "InsideACircleAndOutsideOfARectangle", "InsideACircleAndOutsideOfARectangle\InsideACircleAndOutsideOfARectangle.csproj", "{8B812740-80E9-4C49-8D99-367F784C11AA}"
EndProject
Project("{FAE04EC0-301F-11D3-BF4B-00C04F79EFBC}") = "Bitwise", "Bitwise\Bitwise.csproj", "{9367D88A-2755-496C-B2BF-93D7A7A83385}"
EndProject
Project("{FAE04EC0-301F-11D3-BF4B-00C04F79EFBC}") = "ExtractBitfromInteger", "ExtractBitfromInteger\ExtractBitfromInteger.csproj", "{5D7A9EC8-8CB6-449C-BA9D-467792DD316D}"
EndProject
Project("{FAE04EC0-301F-11D3-BF4B-00C04F79EFBC}") = "CheckaBitatGivenPosition", "CheckaBitatGivenPosition\CheckaBitatGivenPosition.csproj", "{177631D1-3C02-44DE-A283-F9EF96E341F1}"
EndProject
Project("{FAE04EC0-301F-11D3-BF4B-00C04F79EFBC}") = "ModifyaBitatGivenPosition", "ModifyaBitatGivenPosition\ModifyaBitatGivenPosition.csproj", "{5EC52732-8A72-40BC-8B75-C7104535C24E}"
EndProject
Project("{FAE04EC0-301F-11D3-BF4B-00C04F79EFBC}") = "Bits_Exchange", "Bits_Exchange\Bits_Exchange.csproj", "{5DC7A24E-4E5F-4071-938B-CE9DD93237B6}"
EndProject
Project("{FAE04EC0-301F-11D3-BF4B-00C04F79EFBC}") = "Volleyball", "Volleyball\Volleyball.csproj", "{EC7B5634-DE2C-4E01-8508-EC0FA642E185}"
EndProject
Project("{FAE04EC0-301F-11D3-BF4B-00C04F79EFBC}") = "Odd_EvenSum", "Odd_EvenSum\Odd_EvenSum.csproj", "{D1DABD27-3E3D-4D51-8523-005C0C18830E}"
EndProject
Project("{FAE04EC0-301F-11D3-BF4B-00C04F79EFBC}") = "TheExplorer", "TheExplorer\TheExplorer.csproj", "{96F33454-181E-414B-B4BD-0851D35434B5}"
EndProject
Global
	GlobalSection(SolutionConfigurationPlatforms) = preSolution
		Debug|Any CPU = Debug|Any CPU
		Release|Any CPU = Release|Any CPU
	EndGlobalSection
	GlobalSection(ProjectConfigurationPlatforms) = postSolution
		{3B68A408-F641-4460-ABDE-E5B9FB9B2F5D}.Debug|Any CPU.ActiveCfg = Debug|Any CPU
		{3B68A408-F641-4460-ABDE-E5B9FB9B2F5D}.Debug|Any CPU.Build.0 = Debug|Any CPU
		{3B68A408-F641-4460-ABDE-E5B9FB9B2F5D}.Release|Any CPU.ActiveCfg = Release|Any CPU
		{3B68A408-F641-4460-ABDE-E5B9FB9B2F5D}.Release|Any CPU.Build.0 = Release|Any CPU
		{39A2F695-150F-41D8-9862-D5C789814D88}.Debug|Any CPU.ActiveCfg = Debug|Any CPU
		{39A2F695-150F-41D8-9862-D5C789814D88}.Debug|Any CPU.Build.0 = Debug|Any CPU
		{39A2F695-150F-41D8-9862-D5C789814D88}.Release|Any CPU.ActiveCfg = Release|Any CPU
		{39A2F695-150F-41D8-9862-D5C789814D88}.Release|Any CPU.Build.0 = Release|Any CPU
		{12F42DE4-899F-4F11-8031-CE7239F1382C}.Debug|Any CPU.ActiveCfg = Debug|Any CPU
		{12F42DE4-899F-4F11-8031-CE7239F1382C}.Debug|Any CPU.Build.0 = Debug|Any CPU
		{12F42DE4-899F-4F11-8031-CE7239F1382C}.Release|Any CPU.ActiveCfg = Release|Any CPU
		{12F42DE4-899F-4F11-8031-CE7239F1382C}.Release|Any CPU.Build.0 = Release|Any CPU
		{FCFA2A7F-EFF4-41EF-83D5-AA685DB0BB8B}.Debug|Any CPU.ActiveCfg = Debug|Any CPU
		{FCFA2A7F-EFF4-41EF-83D5-AA685DB0BB8B}.Debug|Any CPU.Build.0 = Debug|Any CPU
		{FCFA2A7F-EFF4-41EF-83D5-AA685DB0BB8B}.Release|Any CPU.ActiveCfg = Release|Any CPU
		{FCFA2A7F-EFF4-41EF-83D5-AA685DB0BB8B}.Release|Any CPU.Build.0 = Release|Any CPU
		{7C693F37-7978-4C39-A4C1-539842CB2B7F}.Debug|Any CPU.ActiveCfg = Debug|Any CPU
		{7C693F37-7978-4C39-A4C1-539842CB2B7F}.Debug|Any CPU.Build.0 = Debug|Any CPU
		{7C693F37-7978-4C39-A4C1-539842CB2B7F}.Release|Any CPU.ActiveCfg = Release|Any CPU
		{7C693F37-7978-4C39-A4C1-539842CB2B7F}.Release|Any CPU.Build.0 = Release|Any CPU
		{5CAD00B5-A05B-492B-9318-1FF36AAD545E}.Debug|Any CPU.ActiveCfg = Debug|Any CPU
		{5CAD00B5-A05B-492B-9318-1FF36AAD545E}.Debug|Any CPU.Build.0 = Debug|Any CPU
		{5CAD00B5-A05B-492B-9318-1FF36AAD545E}.Release|Any CPU.ActiveCfg = Release|Any CPU
		{5CAD00B5-A05B-492B-9318-1FF36AAD545E}.Release|Any CPU.Build.0 = Release|Any CPU
		{94E4C0AF-BCF4-4EEF-96B6-8506220AED23}.Debug|Any CPU.ActiveCfg = Debug|Any CPU
		{94E4C0AF-BCF4-4EEF-96B6-8506220AED23}.Debug|Any CPU.Build.0 = Debug|Any CPU
		{94E4C0AF-BCF4-4EEF-96B6-8506220AED23}.Release|Any CPU.ActiveCfg = Release|Any CPU
		{94E4C0AF-BCF4-4EEF-96B6-8506220AED23}.Release|Any CPU.Build.0 = Release|Any CPU
		{53E0032C-D8EF-498C-8C7B-55DA88CCA134}.Debug|Any CPU.ActiveCfg = Debug|Any CPU
		{53E0032C-D8EF-498C-8C7B-55DA88CCA134}.Debug|Any CPU.Build.0 = Debug|Any CPU
		{53E0032C-D8EF-498C-8C7B-55DA88CCA134}.Release|Any CPU.ActiveCfg = Release|Any CPU
		{53E0032C-D8EF-498C-8C7B-55DA88CCA134}.Release|Any CPU.Build.0 = Release|Any CPU
		{632172C7-6351-4A1A-8418-ACA4361E4090}.Debug|Any CPU.ActiveCfg = Debug|Any CPU
		{632172C7-6351-4A1A-8418-ACA4361E4090}.Debug|Any CPU.Build.0 = Debug|Any CPU
		{632172C7-6351-4A1A-8418-ACA4361E4090}.Release|Any CPU.ActiveCfg = Release|Any CPU
		{632172C7-6351-4A1A-8418-ACA4361E4090}.Release|Any CPU.Build.0 = Release|Any CPU
		{8B812740-80E9-4C49-8D99-367F784C11AA}.Debug|Any CPU.ActiveCfg = Debug|Any CPU
		{8B812740-80E9-4C49-8D99-367F784C11AA}.Debug|Any CPU.Build.0 = Debug|Any CPU
		{8B812740-80E9-4C49-8D99-367F784C11AA}.Release|Any CPU.ActiveCfg = Release|Any CPU
		{8B812740-80E9-4C49-8D99-367F784C11AA}.Release|Any CPU.Build.0 = Release|Any CPU
		{9367D88A-2755-496C-B2BF-93D7A7A83385}.Debug|Any CPU.ActiveCfg = Debug|Any CPU
		{9367D88A-2755-496C-B2BF-93D7A7A83385}.Debug|Any CPU.Build.0 = Debug|Any CPU
		{9367D88A-2755-496C-B2BF-93D7A7A83385}.Release|Any CPU.ActiveCfg = Release|Any CPU
		{9367D88A-2755-496C-B2BF-93D7A7A83385}.Release|Any CPU.Build.0 = Release|Any CPU
		{5D7A9EC8-8CB6-449C-BA9D-467792DD316D}.Debug|Any CPU.ActiveCfg = Debug|Any CPU
		{5D7A9EC8-8CB6-449C-BA9D-467792DD316D}.Debug|Any CPU.Build.0 = Debug|Any CPU
		{5D7A9EC8-8CB6-449C-BA9D-467792DD316D}.Release|Any CPU.ActiveCfg = Release|Any CPU
		{5D7A9EC8-8CB6-449C-BA9D-467792DD316D}.Release|Any CPU.Build.0 = Release|Any CPU
		{177631D1-3C02-44DE-A283-F9EF96E341F1}.Debug|Any CPU.ActiveCfg = Debug|Any CPU
		{177631D1-3C02-44DE-A283-F9EF96E341F1}.Debug|Any CPU.Build.0 = Debug|Any CPU
		{177631D1-3C02-44DE-A283-F9EF96E341F1}.Release|Any CPU.ActiveCfg = Release|Any CPU
		{177631D1-3C02-44DE-A283-F9EF96E341F1}.Release|Any CPU.Build.0 = Release|Any CPU
		{5EC52732-8A72-40BC-8B75-C7104535C24E}.Debug|Any CPU.ActiveCfg = Debug|Any CPU
		{5EC52732-8A72-40BC-8B75-C7104535C24E}.Debug|Any CPU.Build.0 = Debug|Any CPU
		{5EC52732-8A72-40BC-8B75-C7104535C24E}.Release|Any CPU.ActiveCfg = Release|Any CPU
		{5EC52732-8A72-40BC-8B75-C7104535C24E}.Release|Any CPU.Build.0 = Release|Any CPU
		{5DC7A24E-4E5F-4071-938B-CE9DD93237B6}.Debug|Any CPU.ActiveCfg = Debug|Any CPU
		{5DC7A24E-4E5F-4071-938B-CE9DD93237B6}.Debug|Any CPU.Build.0 = Debug|Any CPU
		{5DC7A24E-4E5F-4071-938B-CE9DD93237B6}.Release|Any CPU.ActiveCfg = Release|Any CPU
		{5DC7A24E-4E5F-4071-938B-CE9DD93237B6}.Release|Any CPU.Build.0 = Release|Any CPU
		{EC7B5634-DE2C-4E01-8508-EC0FA642E185}.Debug|Any CPU.ActiveCfg = Debug|Any CPU
		{EC7B5634-DE2C-4E01-8508-EC0FA642E185}.Debug|Any CPU.Build.0 = Debug|Any CPU
		{EC7B5634-DE2C-4E01-8508-EC0FA642E185}.Release|Any CPU.ActiveCfg = Release|Any CPU
		{EC7B5634-DE2C-4E01-8508-EC0FA642E185}.Release|Any CPU.Build.0 = Release|Any CPU
		{D1DABD27-3E3D-4D51-8523-005C0C18830E}.Debug|Any CPU.ActiveCfg = Debug|Any CPU
		{D1DABD27-3E3D-4D51-8523-005C0C18830E}.Debug|Any CPU.Build.0 = Debug|Any CPU
		{D1DABD27-3E3D-4D51-8523-005C0C18830E}.Release|Any CPU.ActiveCfg = Release|Any CPU
		{D1DABD27-3E3D-4D51-8523-005C0C18830E}.Release|Any CPU.Build.0 = Release|Any CPU
		{96F33454-181E-414B-B4BD-0851D35434B5}.Debug|Any CPU.ActiveCfg = Debug|Any CPU
		{96F33454-181E-414B-B4BD-0851D35434B5}.Debug|Any CPU.Build.0 = Debug|Any CPU
		{96F33454-181E-414B-B4BD-0851D35434B5}.Release|Any CPU.ActiveCfg = Release|Any CPU
		{96F33454-181E-414B-B4BD-0851D35434B5}.Release|Any CPU.Build.0 = Release|Any CPU
	EndGlobalSection
	GlobalSection(SolutionProperties) = preSolution
		HideSolutionNode = FALSE
	EndGlobalSection
EndGlobal
