
Microsoft Visual Studio Solution File, Format Version 12.00
# Visual Studio 14
VisualStudioVersion = 14.0.24720.0
MinimumVisualStudioVersion = 10.0.40219.1
Project("{FAE04EC0-301F-11D3-BF4B-00C04F79EFBC}") = "01.ArrayManipulator", "01.ArrayManipulator\01.ArrayManipulator.csproj", "{65109F89-B48B-4C0B-AF62-61E1CBE2412A}"
EndProject
Project("{FAE04EC0-301F-11D3-BF4B-00C04F79EFBC}") = "02.ShmoogleCounter", "02.ShmoogleCounter\02.ShmoogleCounter.csproj", "{19354718-7668-4964-A404-3C2291CD04B4}"
EndProject
Project("{FAE04EC0-301F-11D3-BF4B-00C04F79EFBC}") = "04.SrybskoUnleashed", "04.SrybskoUnleashed\04.SrybskoUnleashed.csproj", "{0DAE49AD-C47B-4868-8F78-A51B6C2B923E}"
EndProject
Global
	GlobalSection(SolutionConfigurationPlatforms) = preSolution
		Debug|Any CPU = Debug|Any CPU
		Release|Any CPU = Release|Any CPU
	EndGlobalSection
	GlobalSection(ProjectConfigurationPlatforms) = postSolution
		{65109F89-B48B-4C0B-AF62-61E1CBE2412A}.Debug|Any CPU.ActiveCfg = Debug|Any CPU
		{65109F89-B48B-4C0B-AF62-61E1CBE2412A}.Debug|Any CPU.Build.0 = Debug|Any CPU
		{65109F89-B48B-4C0B-AF62-61E1CBE2412A}.Release|Any CPU.ActiveCfg = Release|Any CPU
		{65109F89-B48B-4C0B-AF62-61E1CBE2412A}.Release|Any CPU.Build.0 = Release|Any CPU
		{19354718-7668-4964-A404-3C2291CD04B4}.Debug|Any CPU.ActiveCfg = Debug|Any CPU
		{19354718-7668-4964-A404-3C2291CD04B4}.Debug|Any CPU.Build.0 = Debug|Any CPU
		{19354718-7668-4964-A404-3C2291CD04B4}.Release|Any CPU.ActiveCfg = Release|Any CPU
		{19354718-7668-4964-A404-3C2291CD04B4}.Release|Any CPU.Build.0 = Release|Any CPU
		{0DAE49AD-C47B-4868-8F78-A51B6C2B923E}.Debug|Any CPU.ActiveCfg = Debug|Any CPU
		{0DAE49AD-C47B-4868-8F78-A51B6C2B923E}.Debug|Any CPU.Build.0 = Debug|Any CPU
		{0DAE49AD-C47B-4868-8F78-A51B6C2B923E}.Release|Any CPU.ActiveCfg = Release|Any CPU
		{0DAE49AD-C47B-4868-8F78-A51B6C2B923E}.Release|Any CPU.Build.0 = Release|Any CPU
	EndGlobalSection
	GlobalSection(SolutionProperties) = preSolution
		HideSolutionNode = FALSE
	EndGlobalSection
EndGlobal
