
Microsoft Visual Studio Solution File, Format Version 12.00
# Visual Studio 14
VisualStudioVersion = 14.0.23107.0
MinimumVisualStudioVersion = 10.0.40219.1
Project("{FAE04EC0-301F-11D3-BF4B-00C04F79EFBC}") = "01_Bigger_Number", "01_Bigger_Number\01_Bigger_Number.csproj", "{B759AA24-6F7D-4C6B-A099-7889F3DB987F}"
EndProject
Project("{FAE04EC0-301F-11D3-BF4B-00C04F79EFBC}") = "02_Last_Digit_of_Number", "02_Last_Digit_of_Number\02_Last_Digit_of_Number.csproj", "{C62E700E-F174-4BBB-97FC-3017B93CC513}"
EndProject
Project("{FAE04EC0-301F-11D3-BF4B-00C04F79EFBC}") = "03_Larger_Than_Neighbours", "03_Larger_Than_Neighbours\03_Larger_Than_Neighbours.csproj", "{BD932B30-BF74-4F87-9D8B-001B3B5CFBA5}"
EndProject
Project("{FAE04EC0-301F-11D3-BF4B-00C04F79EFBC}") = "05_Reverse_Number", "05_Reverse_Number\05_Reverse_Number.csproj", "{A21F9E41-D407-416F-9718-D602C1146ABB}"
EndProject
Project("{FAE04EC0-301F-11D3-BF4B-00C04F79EFBC}") = "04_First_Larger_Than_Neighbours", "04_First_Larger_Than_Neighbours\04_First_Larger_Than_Neighbours.csproj", "{36A5F246-7227-451B-82E5-265FFA91D133}"
EndProject
Project("{FAE04EC0-301F-11D3-BF4B-00C04F79EFBC}") = "06_Number_Calculations", "06_Number_Calculations\06_Number_Calculations.csproj", "{4BF5CA3B-4163-414C-A109-CC9FB9EBBC63}"
EndProject
Project("{FAE04EC0-301F-11D3-BF4B-00C04F79EFBC}") = "07_Generic_Array_Sort", "07_Generic_Array_Sort\07_Generic_Array_Sort.csproj", "{3A0A287E-80B7-454A-8C83-E99FD1698372}"
EndProject
Global
	GlobalSection(SolutionConfigurationPlatforms) = preSolution
		Debug|Any CPU = Debug|Any CPU
		Release|Any CPU = Release|Any CPU
	EndGlobalSection
	GlobalSection(ProjectConfigurationPlatforms) = postSolution
		{B759AA24-6F7D-4C6B-A099-7889F3DB987F}.Debug|Any CPU.ActiveCfg = Debug|Any CPU
		{B759AA24-6F7D-4C6B-A099-7889F3DB987F}.Debug|Any CPU.Build.0 = Debug|Any CPU
		{B759AA24-6F7D-4C6B-A099-7889F3DB987F}.Release|Any CPU.ActiveCfg = Release|Any CPU
		{B759AA24-6F7D-4C6B-A099-7889F3DB987F}.Release|Any CPU.Build.0 = Release|Any CPU
		{C62E700E-F174-4BBB-97FC-3017B93CC513}.Debug|Any CPU.ActiveCfg = Debug|Any CPU
		{C62E700E-F174-4BBB-97FC-3017B93CC513}.Debug|Any CPU.Build.0 = Debug|Any CPU
		{C62E700E-F174-4BBB-97FC-3017B93CC513}.Release|Any CPU.ActiveCfg = Release|Any CPU
		{C62E700E-F174-4BBB-97FC-3017B93CC513}.Release|Any CPU.Build.0 = Release|Any CPU
		{BD932B30-BF74-4F87-9D8B-001B3B5CFBA5}.Debug|Any CPU.ActiveCfg = Debug|Any CPU
		{BD932B30-BF74-4F87-9D8B-001B3B5CFBA5}.Debug|Any CPU.Build.0 = Debug|Any CPU
		{BD932B30-BF74-4F87-9D8B-001B3B5CFBA5}.Release|Any CPU.ActiveCfg = Release|Any CPU
		{BD932B30-BF74-4F87-9D8B-001B3B5CFBA5}.Release|Any CPU.Build.0 = Release|Any CPU
		{A21F9E41-D407-416F-9718-D602C1146ABB}.Debug|Any CPU.ActiveCfg = Debug|Any CPU
		{A21F9E41-D407-416F-9718-D602C1146ABB}.Debug|Any CPU.Build.0 = Debug|Any CPU
		{A21F9E41-D407-416F-9718-D602C1146ABB}.Release|Any CPU.ActiveCfg = Release|Any CPU
		{A21F9E41-D407-416F-9718-D602C1146ABB}.Release|Any CPU.Build.0 = Release|Any CPU
		{36A5F246-7227-451B-82E5-265FFA91D133}.Debug|Any CPU.ActiveCfg = Debug|Any CPU
		{36A5F246-7227-451B-82E5-265FFA91D133}.Debug|Any CPU.Build.0 = Debug|Any CPU
		{36A5F246-7227-451B-82E5-265FFA91D133}.Release|Any CPU.ActiveCfg = Release|Any CPU
		{36A5F246-7227-451B-82E5-265FFA91D133}.Release|Any CPU.Build.0 = Release|Any CPU
		{4BF5CA3B-4163-414C-A109-CC9FB9EBBC63}.Debug|Any CPU.ActiveCfg = Debug|Any CPU
		{4BF5CA3B-4163-414C-A109-CC9FB9EBBC63}.Debug|Any CPU.Build.0 = Debug|Any CPU
		{4BF5CA3B-4163-414C-A109-CC9FB9EBBC63}.Release|Any CPU.ActiveCfg = Release|Any CPU
		{4BF5CA3B-4163-414C-A109-CC9FB9EBBC63}.Release|Any CPU.Build.0 = Release|Any CPU
		{3A0A287E-80B7-454A-8C83-E99FD1698372}.Debug|Any CPU.ActiveCfg = Debug|Any CPU
		{3A0A287E-80B7-454A-8C83-E99FD1698372}.Debug|Any CPU.Build.0 = Debug|Any CPU
		{3A0A287E-80B7-454A-8C83-E99FD1698372}.Release|Any CPU.ActiveCfg = Release|Any CPU
		{3A0A287E-80B7-454A-8C83-E99FD1698372}.Release|Any CPU.Build.0 = Release|Any CPU
	EndGlobalSection
	GlobalSection(SolutionProperties) = preSolution
		HideSolutionNode = FALSE
	EndGlobalSection
EndGlobal
