
Microsoft Visual Studio Solution File, Format Version 12.00
# Visual Studio 14
VisualStudioVersion = 14.0.23107.0
MinimumVisualStudioVersion = 10.0.40219.1
Project("{FAE04EC0-301F-11D3-BF4B-00C04F79EFBC}") = "01_Fill_the_Matrix", "01_Fill_the_Matrix\01_Fill_the_Matrix.csproj", "{2BB09A90-9245-4B16-9C12-4013858057E6}"
EndProject
Project("{FAE04EC0-301F-11D3-BF4B-00C04F79EFBC}") = "02_Maximal_Sum", "02_Maximal_Sum\02_Maximal_Sum.csproj", "{44D7D151-860F-4963-B649-51D41A76E908}"
EndProject
Project("{FAE04EC0-301F-11D3-BF4B-00C04F79EFBC}") = "03_Matrix_Shuffling", "03_Matrix_Shuffling\03_Matrix_Shuffling.csproj", "{84B5A66F-B4F7-4A49-9FC4-CA14038961E2}"
EndProject
Project("{FAE04EC0-301F-11D3-BF4B-00C04F79EFBC}") = "04_Sequence_In_Matrix", "04_Sequence_In_Matrix\04_Sequence_In_Matrix.csproj", "{62CDBDCD-5806-4E6F-9394-767F454E537D}"
EndProject
Project("{FAE04EC0-301F-11D3-BF4B-00C04F79EFBC}") = "05_Collect_the_Coins", "05_Collect_the_Coins\05_Collect_the_Coins.csproj", "{5379EFE0-3F32-401D-8443-4F25601FFBFE}"
EndProject
Project("{FAE04EC0-301F-11D3-BF4B-00C04F79EFBC}") = "06_Count_Symbols", "06_Count_Symbols\06_Count_Symbols.csproj", "{54C64F97-408D-4241-93F3-3C4718B7DCA1}"
EndProject
Project("{FAE04EC0-301F-11D3-BF4B-00C04F79EFBC}") = "07_Phonebook", "07_Phonebook\07_Phonebook.csproj", "{6A46D9DA-FC24-4A60-B369-E5B9E1B64D60}"
EndProject
Project("{FAE04EC0-301F-11D3-BF4B-00C04F79EFBC}") = "08_Night_Life", "08_Night_Life\08_Night_Life.csproj", "{FB2C8945-0968-42EE-A6BB-18EC9F6B5398}"
EndProject
Project("{FAE04EC0-301F-11D3-BF4B-00C04F79EFBC}") = "09_Terrorists_Win", "09_Terrorists_Win\09_Terrorists_Win.csproj", "{B6ABD001-138E-48B9-B646-8FE4902AD43A}"
EndProject
Project("{FAE04EC0-301F-11D3-BF4B-00C04F79EFBC}") = "10_PlusRemove", "10_PlusRemove\10_PlusRemove.csproj", "{4AA7E148-DC0F-4872-B2E3-28BA21EB5ACB}"
EndProject
Global
	GlobalSection(SolutionConfigurationPlatforms) = preSolution
		Debug|Any CPU = Debug|Any CPU
		Release|Any CPU = Release|Any CPU
	EndGlobalSection
	GlobalSection(ProjectConfigurationPlatforms) = postSolution
		{2BB09A90-9245-4B16-9C12-4013858057E6}.Debug|Any CPU.ActiveCfg = Debug|Any CPU
		{2BB09A90-9245-4B16-9C12-4013858057E6}.Debug|Any CPU.Build.0 = Debug|Any CPU
		{2BB09A90-9245-4B16-9C12-4013858057E6}.Release|Any CPU.ActiveCfg = Release|Any CPU
		{2BB09A90-9245-4B16-9C12-4013858057E6}.Release|Any CPU.Build.0 = Release|Any CPU
		{44D7D151-860F-4963-B649-51D41A76E908}.Debug|Any CPU.ActiveCfg = Debug|Any CPU
		{44D7D151-860F-4963-B649-51D41A76E908}.Debug|Any CPU.Build.0 = Debug|Any CPU
		{44D7D151-860F-4963-B649-51D41A76E908}.Release|Any CPU.ActiveCfg = Release|Any CPU
		{44D7D151-860F-4963-B649-51D41A76E908}.Release|Any CPU.Build.0 = Release|Any CPU
		{84B5A66F-B4F7-4A49-9FC4-CA14038961E2}.Debug|Any CPU.ActiveCfg = Debug|Any CPU
		{84B5A66F-B4F7-4A49-9FC4-CA14038961E2}.Debug|Any CPU.Build.0 = Debug|Any CPU
		{84B5A66F-B4F7-4A49-9FC4-CA14038961E2}.Release|Any CPU.ActiveCfg = Release|Any CPU
		{84B5A66F-B4F7-4A49-9FC4-CA14038961E2}.Release|Any CPU.Build.0 = Release|Any CPU
		{62CDBDCD-5806-4E6F-9394-767F454E537D}.Debug|Any CPU.ActiveCfg = Debug|Any CPU
		{62CDBDCD-5806-4E6F-9394-767F454E537D}.Debug|Any CPU.Build.0 = Debug|Any CPU
		{62CDBDCD-5806-4E6F-9394-767F454E537D}.Release|Any CPU.ActiveCfg = Release|Any CPU
		{62CDBDCD-5806-4E6F-9394-767F454E537D}.Release|Any CPU.Build.0 = Release|Any CPU
		{5379EFE0-3F32-401D-8443-4F25601FFBFE}.Debug|Any CPU.ActiveCfg = Debug|Any CPU
		{5379EFE0-3F32-401D-8443-4F25601FFBFE}.Debug|Any CPU.Build.0 = Debug|Any CPU
		{5379EFE0-3F32-401D-8443-4F25601FFBFE}.Release|Any CPU.ActiveCfg = Release|Any CPU
		{5379EFE0-3F32-401D-8443-4F25601FFBFE}.Release|Any CPU.Build.0 = Release|Any CPU
		{54C64F97-408D-4241-93F3-3C4718B7DCA1}.Debug|Any CPU.ActiveCfg = Debug|Any CPU
		{54C64F97-408D-4241-93F3-3C4718B7DCA1}.Debug|Any CPU.Build.0 = Debug|Any CPU
		{54C64F97-408D-4241-93F3-3C4718B7DCA1}.Release|Any CPU.ActiveCfg = Release|Any CPU
		{54C64F97-408D-4241-93F3-3C4718B7DCA1}.Release|Any CPU.Build.0 = Release|Any CPU
		{6A46D9DA-FC24-4A60-B369-E5B9E1B64D60}.Debug|Any CPU.ActiveCfg = Debug|Any CPU
		{6A46D9DA-FC24-4A60-B369-E5B9E1B64D60}.Debug|Any CPU.Build.0 = Debug|Any CPU
		{6A46D9DA-FC24-4A60-B369-E5B9E1B64D60}.Release|Any CPU.ActiveCfg = Release|Any CPU
		{6A46D9DA-FC24-4A60-B369-E5B9E1B64D60}.Release|Any CPU.Build.0 = Release|Any CPU
		{FB2C8945-0968-42EE-A6BB-18EC9F6B5398}.Debug|Any CPU.ActiveCfg = Debug|Any CPU
		{FB2C8945-0968-42EE-A6BB-18EC9F6B5398}.Debug|Any CPU.Build.0 = Debug|Any CPU
		{FB2C8945-0968-42EE-A6BB-18EC9F6B5398}.Release|Any CPU.ActiveCfg = Release|Any CPU
		{FB2C8945-0968-42EE-A6BB-18EC9F6B5398}.Release|Any CPU.Build.0 = Release|Any CPU
		{B6ABD001-138E-48B9-B646-8FE4902AD43A}.Debug|Any CPU.ActiveCfg = Debug|Any CPU
		{B6ABD001-138E-48B9-B646-8FE4902AD43A}.Debug|Any CPU.Build.0 = Debug|Any CPU
		{B6ABD001-138E-48B9-B646-8FE4902AD43A}.Release|Any CPU.ActiveCfg = Release|Any CPU
		{B6ABD001-138E-48B9-B646-8FE4902AD43A}.Release|Any CPU.Build.0 = Release|Any CPU
		{4AA7E148-DC0F-4872-B2E3-28BA21EB5ACB}.Debug|Any CPU.ActiveCfg = Debug|Any CPU
		{4AA7E148-DC0F-4872-B2E3-28BA21EB5ACB}.Debug|Any CPU.Build.0 = Debug|Any CPU
		{4AA7E148-DC0F-4872-B2E3-28BA21EB5ACB}.Release|Any CPU.ActiveCfg = Release|Any CPU
		{4AA7E148-DC0F-4872-B2E3-28BA21EB5ACB}.Release|Any CPU.Build.0 = Release|Any CPU
	EndGlobalSection
	GlobalSection(SolutionProperties) = preSolution
		HideSolutionNode = FALSE
	EndGlobalSection
EndGlobal
