
Microsoft Visual Studio Solution File, Format Version 12.00
# Visual Studio 14
VisualStudioVersion = 14.0.23107.0
MinimumVisualStudioVersion = 10.0.40219.1
Project("{FAE04EC0-301F-11D3-BF4B-00C04F79EFBC}") = "06_Palindromes", "06_Palindromes\06_Palindromes.csproj", "{1CA80F0E-5CC5-47E6-8F8F-FBD5D157E3BD}"
EndProject
Project("{FAE04EC0-301F-11D3-BF4B-00C04F79EFBC}") = "01_ReverseString", "01_ReverseString\01_ReverseString.csproj", "{FFA9AD01-B7CE-4F32-878D-A673C3237BF4}"
EndProject
Project("{FAE04EC0-301F-11D3-BF4B-00C04F79EFBC}") = "02_StringLength", "02_StringLength\02_StringLength.csproj", "{C0D777DF-CFDF-47AC-8759-5AADB6B580F5}"
EndProject
Project("{FAE04EC0-301F-11D3-BF4B-00C04F79EFBC}") = "03_CountSubstringOccurrences", "03_CountSubstringOccurrences\03_CountSubstringOccurrences.csproj", "{087DBBF1-0022-4085-97FB-796F9C6AEA1E}"
EndProject
Project("{FAE04EC0-301F-11D3-BF4B-00C04F79EFBC}") = "04_TextFilter", "04_TextFilter\04_TextFilter.csproj", "{1325297E-2C74-4263-9F9B-978190C5AC28}"
EndProject
Project("{FAE04EC0-301F-11D3-BF4B-00C04F79EFBC}") = "05_UnicodeCharacters", "05_UnicodeCharacters\05_UnicodeCharacters.csproj", "{D3C0ED78-41DD-4F5A-B3D7-4181AFEA28BF}"
EndProject
Project("{FAE04EC0-301F-11D3-BF4B-00C04F79EFBC}") = "07_Letters_change_Numbers", "07_Letters_change_Numbers\07_Letters_change_Numbers.csproj", "{5229F464-15D9-4DF1-B9E3-95AED6A9FB3C}"
EndProject
Global
	GlobalSection(SolutionConfigurationPlatforms) = preSolution
		Debug|Any CPU = Debug|Any CPU
		Release|Any CPU = Release|Any CPU
	EndGlobalSection
	GlobalSection(ProjectConfigurationPlatforms) = postSolution
		{1CA80F0E-5CC5-47E6-8F8F-FBD5D157E3BD}.Debug|Any CPU.ActiveCfg = Debug|Any CPU
		{1CA80F0E-5CC5-47E6-8F8F-FBD5D157E3BD}.Debug|Any CPU.Build.0 = Debug|Any CPU
		{1CA80F0E-5CC5-47E6-8F8F-FBD5D157E3BD}.Release|Any CPU.ActiveCfg = Release|Any CPU
		{1CA80F0E-5CC5-47E6-8F8F-FBD5D157E3BD}.Release|Any CPU.Build.0 = Release|Any CPU
		{FFA9AD01-B7CE-4F32-878D-A673C3237BF4}.Debug|Any CPU.ActiveCfg = Debug|Any CPU
		{FFA9AD01-B7CE-4F32-878D-A673C3237BF4}.Debug|Any CPU.Build.0 = Debug|Any CPU
		{FFA9AD01-B7CE-4F32-878D-A673C3237BF4}.Release|Any CPU.ActiveCfg = Release|Any CPU
		{FFA9AD01-B7CE-4F32-878D-A673C3237BF4}.Release|Any CPU.Build.0 = Release|Any CPU
		{C0D777DF-CFDF-47AC-8759-5AADB6B580F5}.Debug|Any CPU.ActiveCfg = Debug|Any CPU
		{C0D777DF-CFDF-47AC-8759-5AADB6B580F5}.Debug|Any CPU.Build.0 = Debug|Any CPU
		{C0D777DF-CFDF-47AC-8759-5AADB6B580F5}.Release|Any CPU.ActiveCfg = Release|Any CPU
		{C0D777DF-CFDF-47AC-8759-5AADB6B580F5}.Release|Any CPU.Build.0 = Release|Any CPU
		{087DBBF1-0022-4085-97FB-796F9C6AEA1E}.Debug|Any CPU.ActiveCfg = Debug|Any CPU
		{087DBBF1-0022-4085-97FB-796F9C6AEA1E}.Debug|Any CPU.Build.0 = Debug|Any CPU
		{087DBBF1-0022-4085-97FB-796F9C6AEA1E}.Release|Any CPU.ActiveCfg = Release|Any CPU
		{087DBBF1-0022-4085-97FB-796F9C6AEA1E}.Release|Any CPU.Build.0 = Release|Any CPU
		{1325297E-2C74-4263-9F9B-978190C5AC28}.Debug|Any CPU.ActiveCfg = Debug|Any CPU
		{1325297E-2C74-4263-9F9B-978190C5AC28}.Debug|Any CPU.Build.0 = Debug|Any CPU
		{1325297E-2C74-4263-9F9B-978190C5AC28}.Release|Any CPU.ActiveCfg = Release|Any CPU
		{1325297E-2C74-4263-9F9B-978190C5AC28}.Release|Any CPU.Build.0 = Release|Any CPU
		{D3C0ED78-41DD-4F5A-B3D7-4181AFEA28BF}.Debug|Any CPU.ActiveCfg = Debug|Any CPU
		{D3C0ED78-41DD-4F5A-B3D7-4181AFEA28BF}.Debug|Any CPU.Build.0 = Debug|Any CPU
		{D3C0ED78-41DD-4F5A-B3D7-4181AFEA28BF}.Release|Any CPU.ActiveCfg = Release|Any CPU
		{D3C0ED78-41DD-4F5A-B3D7-4181AFEA28BF}.Release|Any CPU.Build.0 = Release|Any CPU
		{5229F464-15D9-4DF1-B9E3-95AED6A9FB3C}.Debug|Any CPU.ActiveCfg = Debug|Any CPU
		{5229F464-15D9-4DF1-B9E3-95AED6A9FB3C}.Debug|Any CPU.Build.0 = Debug|Any CPU
		{5229F464-15D9-4DF1-B9E3-95AED6A9FB3C}.Release|Any CPU.ActiveCfg = Release|Any CPU
		{5229F464-15D9-4DF1-B9E3-95AED6A9FB3C}.Release|Any CPU.Build.0 = Release|Any CPU
	EndGlobalSection
	GlobalSection(SolutionProperties) = preSolution
		HideSolutionNode = FALSE
	EndGlobalSection
EndGlobal
