
Microsoft Visual Studio Solution File, Format Version 12.00
# Visual Studio 14
VisualStudioVersion = 14.0.24720.0
MinimumVisualStudioVersion = 10.0.40219.1
Project("{FAE04EC0-301F-11D3-BF4B-00C04F79EFBC}") = "Bubble", "Bubble\Bubble.csproj", "{44676E6C-FF35-4053-8B8E-EBE1A9A90C80}"
EndProject
Project("{FAE04EC0-301F-11D3-BF4B-00C04F79EFBC}") = "Select", "Select\Select.csproj", "{BADFCC02-6ED1-4CB9-AB0A-2A72FCB90E92}"
EndProject
Project("{FAE04EC0-301F-11D3-BF4B-00C04F79EFBC}") = "Insert", "Insert\Insert.csproj", "{65078E8E-00E7-4ADC-B2DA-03E0EA01BD7D}"
EndProject
Project("{FAE04EC0-301F-11D3-BF4B-00C04F79EFBC}") = "QuickSort", "QuickSort\QuickSort.csproj", "{BC16E7FF-3E58-46E8-90FC-ACC0AEDFA1FE}"
EndProject
Global
	GlobalSection(SolutionConfigurationPlatforms) = preSolution
		Debug|Any CPU = Debug|Any CPU
		Release|Any CPU = Release|Any CPU
	EndGlobalSection
	GlobalSection(ProjectConfigurationPlatforms) = postSolution
		{44676E6C-FF35-4053-8B8E-EBE1A9A90C80}.Debug|Any CPU.ActiveCfg = Debug|Any CPU
		{44676E6C-FF35-4053-8B8E-EBE1A9A90C80}.Debug|Any CPU.Build.0 = Debug|Any CPU
		{44676E6C-FF35-4053-8B8E-EBE1A9A90C80}.Release|Any CPU.ActiveCfg = Release|Any CPU
		{44676E6C-FF35-4053-8B8E-EBE1A9A90C80}.Release|Any CPU.Build.0 = Release|Any CPU
		{BADFCC02-6ED1-4CB9-AB0A-2A72FCB90E92}.Debug|Any CPU.ActiveCfg = Debug|Any CPU
		{BADFCC02-6ED1-4CB9-AB0A-2A72FCB90E92}.Debug|Any CPU.Build.0 = Debug|Any CPU
		{BADFCC02-6ED1-4CB9-AB0A-2A72FCB90E92}.Release|Any CPU.ActiveCfg = Release|Any CPU
		{BADFCC02-6ED1-4CB9-AB0A-2A72FCB90E92}.Release|Any CPU.Build.0 = Release|Any CPU
		{65078E8E-00E7-4ADC-B2DA-03E0EA01BD7D}.Debug|Any CPU.ActiveCfg = Debug|Any CPU
		{65078E8E-00E7-4ADC-B2DA-03E0EA01BD7D}.Debug|Any CPU.Build.0 = Debug|Any CPU
		{65078E8E-00E7-4ADC-B2DA-03E0EA01BD7D}.Release|Any CPU.ActiveCfg = Release|Any CPU
		{65078E8E-00E7-4ADC-B2DA-03E0EA01BD7D}.Release|Any CPU.Build.0 = Release|Any CPU
		{BC16E7FF-3E58-46E8-90FC-ACC0AEDFA1FE}.Debug|Any CPU.ActiveCfg = Debug|Any CPU
		{BC16E7FF-3E58-46E8-90FC-ACC0AEDFA1FE}.Debug|Any CPU.Build.0 = Debug|Any CPU
		{BC16E7FF-3E58-46E8-90FC-ACC0AEDFA1FE}.Release|Any CPU.ActiveCfg = Release|Any CPU
		{BC16E7FF-3E58-46E8-90FC-ACC0AEDFA1FE}.Release|Any CPU.Build.0 = Release|Any CPU
	EndGlobalSection
	GlobalSection(SolutionProperties) = preSolution
		HideSolutionNode = FALSE
	EndGlobalSection
EndGlobal
