
Microsoft Visual Studio Solution File, Format Version 12.00
# Visual Studio 2013
VisualStudioVersion = 12.0.31101.0
MinimumVisualStudioVersion = 10.0.40219.1
Project("{FAE04EC0-301F-11D3-BF4B-00C04F79EFBC}") = "Traveller_Bob", "Traveller_Bob\Traveller_Bob.csproj", "{5B685E7F-FA3A-4B1B-9832-BD919909DF22}"
EndProject
Project("{FAE04EC0-301F-11D3-BF4B-00C04F79EFBC}") = "Headphones", "Headphones\Headphones.csproj", "{A1EC5D8F-431A-41A3-8668-BA645C9BB928}"
EndProject
Project("{FAE04EC0-301F-11D3-BF4B-00C04F79EFBC}") = "Spy_Hard", "Spy_Hard\Spy_Hard.csproj", "{C139CE00-0550-40E5-B6EE-E1101FE83004}"
EndProject
Global
	GlobalSection(SolutionConfigurationPlatforms) = preSolution
		Debug|Any CPU = Debug|Any CPU
		Release|Any CPU = Release|Any CPU
	EndGlobalSection
	GlobalSection(ProjectConfigurationPlatforms) = postSolution
		{5B685E7F-FA3A-4B1B-9832-BD919909DF22}.Debug|Any CPU.ActiveCfg = Debug|Any CPU
		{5B685E7F-FA3A-4B1B-9832-BD919909DF22}.Debug|Any CPU.Build.0 = Debug|Any CPU
		{5B685E7F-FA3A-4B1B-9832-BD919909DF22}.Release|Any CPU.ActiveCfg = Release|Any CPU
		{5B685E7F-FA3A-4B1B-9832-BD919909DF22}.Release|Any CPU.Build.0 = Release|Any CPU
		{A1EC5D8F-431A-41A3-8668-BA645C9BB928}.Debug|Any CPU.ActiveCfg = Debug|Any CPU
		{A1EC5D8F-431A-41A3-8668-BA645C9BB928}.Debug|Any CPU.Build.0 = Debug|Any CPU
		{A1EC5D8F-431A-41A3-8668-BA645C9BB928}.Release|Any CPU.ActiveCfg = Release|Any CPU
		{A1EC5D8F-431A-41A3-8668-BA645C9BB928}.Release|Any CPU.Build.0 = Release|Any CPU
		{C139CE00-0550-40E5-B6EE-E1101FE83004}.Debug|Any CPU.ActiveCfg = Debug|Any CPU
		{C139CE00-0550-40E5-B6EE-E1101FE83004}.Debug|Any CPU.Build.0 = Debug|Any CPU
		{C139CE00-0550-40E5-B6EE-E1101FE83004}.Release|Any CPU.ActiveCfg = Release|Any CPU
		{C139CE00-0550-40E5-B6EE-E1101FE83004}.Release|Any CPU.Build.0 = Release|Any CPU
	EndGlobalSection
	GlobalSection(SolutionProperties) = preSolution
		HideSolutionNode = FALSE
	EndGlobalSection
EndGlobal
