
Microsoft Visual Studio Solution File, Format Version 12.00
# Visual Studio 2013
VisualStudioVersion = 12.0.31101.0
MinimumVisualStudioVersion = 10.0.40219.1
Project("{FAE04EC0-301F-11D3-BF4B-00C04F79EFBC}") = "1_Numbers_from_1_to_N", "Numbers_from_1_to_N\1_Numbers_from_1_to_N.csproj", "{ADED198C-3E1F-47E7-89A7-D46488C05F34}"
EndProject
Project("{FAE04EC0-301F-11D3-BF4B-00C04F79EFBC}") = "2_Numbers_Not_Divisible_by_3_and_7", "Numbers_Not_Divisible_by_3_and_7\2_Numbers_Not_Divisible_by_3_and_7.csproj", "{9B622893-02CD-440D-8BDA-9A2DB6627E0A}"
EndProject
Project("{FAE04EC0-301F-11D3-BF4B-00C04F79EFBC}") = "3_Min_Max_Sum_and_Average_of_N_Numbers", "Min_Max_Sum_and_Average_of_N_Numbers\3_Min_Max_Sum_and_Average_of_N_Numbers.csproj", "{49F00EEA-D645-4B1B-80DB-6499D49923AB}"
EndProject
Project("{FAE04EC0-301F-11D3-BF4B-00C04F79EFBC}") = "4_Print_a_Deck_of_52_Cards", "Print_a_Deck_of_52_Cards\4_Print_a_Deck_of_52_Cards.csproj", "{5ED466EF-A4CB-4F72-A7D1-EA9944ABA253}"
EndProject
Project("{FAE04EC0-301F-11D3-BF4B-00C04F79EFBC}") = "5_calculete_n_x_2", "calculete_n_x_2\5_calculete_n_x_2.csproj", "{3EA27C5F-360B-4D1A-AA94-9262B459CE9C}"
EndProject
Project("{FAE04EC0-301F-11D3-BF4B-00C04F79EFBC}") = "6_calculate_N_and_K_Factoriel", "calculate_N_and_K_Factoriel\6_calculate_N_and_K_Factoriel.csproj", "{CF08B3EB-2DF3-427D-9F85-1C90F441A012}"
EndProject
Project("{FAE04EC0-301F-11D3-BF4B-00C04F79EFBC}") = "7_calculate_combinations", "calculate_combinations\7_calculate_combinations.csproj", "{B8F27E08-0669-48C7-A27F-D776CB81E74A}"
EndProject
Project("{FAE04EC0-301F-11D3-BF4B-00C04F79EFBC}") = "8_Catalan_Numbers", "Catalan_Numbers\8_Catalan_Numbers.csproj", "{10B5B2E0-2622-4ACD-BFC7-97DBF0C7E05D}"
EndProject
Project("{FAE04EC0-301F-11D3-BF4B-00C04F79EFBC}") = "9_Matrix_Of_Numbers", "Matrix_Of_Numbers\9_Matrix_Of_Numbers.csproj", "{284646C4-1499-4AC4-9ED0-C63484A29CF1}"
EndProject
Project("{FAE04EC0-301F-11D3-BF4B-00C04F79EFBC}") = "10_Odd_and_Even_Product", "Odd_and_Even_Product\10_Odd_and_Even_Product.csproj", "{C2FA58FA-27D7-477F-8EBD-036021FA7005}"
EndProject
Project("{FAE04EC0-301F-11D3-BF4B-00C04F79EFBC}") = "11_Random_Numbers_in_Given_Range", "Random_Numbers_in_Given_Range\11_Random_Numbers_in_Given_Range.csproj", "{46B46385-45C3-465B-ADE3-77949056D062}"
EndProject
Project("{FAE04EC0-301F-11D3-BF4B-00C04F79EFBC}") = "12_Randomize_the_Numbers1_N", "Randomize_the_Numbers1_N\12_Randomize_the_Numbers1_N.csproj", "{4C2BBA62-0D44-477E-BC51-A67ED9738721}"
EndProject
Project("{FAE04EC0-301F-11D3-BF4B-00C04F79EFBC}") = "13_Binary_to_Decimal_Number", "Binary_to_Decimal_Number\13_Binary_to_Decimal_Number.csproj", "{EE30E426-D280-4610-9A75-55AFEA783D6B}"
EndProject
Project("{FAE04EC0-301F-11D3-BF4B-00C04F79EFBC}") = "17_calculate_GCD", "calculate_GCD\17_calculate_GCD.csproj", "{8A131330-17FB-415B-9611-F8A0B4DB6343}"
EndProject
Project("{FAE04EC0-301F-11D3-BF4B-00C04F79EFBC}") = "14_Decimal_to_Binary_Number", "Decimal_to_Binary_Number\14_Decimal_to_Binary_Number.csproj", "{028BB6EC-96FA-4872-AAB8-741B0B097FEF}"
EndProject
Project("{FAE04EC0-301F-11D3-BF4B-00C04F79EFBC}") = "22.Arrow", "Arrow\22.Arrow.csproj", "{177A16F5-960A-4672-93CD-BAF2EB49208D}"
EndProject
Global
	GlobalSection(SolutionConfigurationPlatforms) = preSolution
		Debug|Any CPU = Debug|Any CPU
		Release|Any CPU = Release|Any CPU
	EndGlobalSection
	GlobalSection(ProjectConfigurationPlatforms) = postSolution
		{ADED198C-3E1F-47E7-89A7-D46488C05F34}.Debug|Any CPU.ActiveCfg = Debug|Any CPU
		{ADED198C-3E1F-47E7-89A7-D46488C05F34}.Debug|Any CPU.Build.0 = Debug|Any CPU
		{ADED198C-3E1F-47E7-89A7-D46488C05F34}.Release|Any CPU.ActiveCfg = Release|Any CPU
		{ADED198C-3E1F-47E7-89A7-D46488C05F34}.Release|Any CPU.Build.0 = Release|Any CPU
		{9B622893-02CD-440D-8BDA-9A2DB6627E0A}.Debug|Any CPU.ActiveCfg = Debug|Any CPU
		{9B622893-02CD-440D-8BDA-9A2DB6627E0A}.Debug|Any CPU.Build.0 = Debug|Any CPU
		{9B622893-02CD-440D-8BDA-9A2DB6627E0A}.Release|Any CPU.ActiveCfg = Release|Any CPU
		{9B622893-02CD-440D-8BDA-9A2DB6627E0A}.Release|Any CPU.Build.0 = Release|Any CPU
		{49F00EEA-D645-4B1B-80DB-6499D49923AB}.Debug|Any CPU.ActiveCfg = Debug|Any CPU
		{49F00EEA-D645-4B1B-80DB-6499D49923AB}.Debug|Any CPU.Build.0 = Debug|Any CPU
		{49F00EEA-D645-4B1B-80DB-6499D49923AB}.Release|Any CPU.ActiveCfg = Release|Any CPU
		{49F00EEA-D645-4B1B-80DB-6499D49923AB}.Release|Any CPU.Build.0 = Release|Any CPU
		{5ED466EF-A4CB-4F72-A7D1-EA9944ABA253}.Debug|Any CPU.ActiveCfg = Debug|Any CPU
		{5ED466EF-A4CB-4F72-A7D1-EA9944ABA253}.Debug|Any CPU.Build.0 = Debug|Any CPU
		{5ED466EF-A4CB-4F72-A7D1-EA9944ABA253}.Release|Any CPU.ActiveCfg = Release|Any CPU
		{5ED466EF-A4CB-4F72-A7D1-EA9944ABA253}.Release|Any CPU.Build.0 = Release|Any CPU
		{3EA27C5F-360B-4D1A-AA94-9262B459CE9C}.Debug|Any CPU.ActiveCfg = Debug|Any CPU
		{3EA27C5F-360B-4D1A-AA94-9262B459CE9C}.Debug|Any CPU.Build.0 = Debug|Any CPU
		{3EA27C5F-360B-4D1A-AA94-9262B459CE9C}.Release|Any CPU.ActiveCfg = Release|Any CPU
		{3EA27C5F-360B-4D1A-AA94-9262B459CE9C}.Release|Any CPU.Build.0 = Release|Any CPU
		{CF08B3EB-2DF3-427D-9F85-1C90F441A012}.Debug|Any CPU.ActiveCfg = Debug|Any CPU
		{CF08B3EB-2DF3-427D-9F85-1C90F441A012}.Debug|Any CPU.Build.0 = Debug|Any CPU
		{CF08B3EB-2DF3-427D-9F85-1C90F441A012}.Release|Any CPU.ActiveCfg = Release|Any CPU
		{CF08B3EB-2DF3-427D-9F85-1C90F441A012}.Release|Any CPU.Build.0 = Release|Any CPU
		{B8F27E08-0669-48C7-A27F-D776CB81E74A}.Debug|Any CPU.ActiveCfg = Debug|Any CPU
		{B8F27E08-0669-48C7-A27F-D776CB81E74A}.Debug|Any CPU.Build.0 = Debug|Any CPU
		{B8F27E08-0669-48C7-A27F-D776CB81E74A}.Release|Any CPU.ActiveCfg = Release|Any CPU
		{B8F27E08-0669-48C7-A27F-D776CB81E74A}.Release|Any CPU.Build.0 = Release|Any CPU
		{10B5B2E0-2622-4ACD-BFC7-97DBF0C7E05D}.Debug|Any CPU.ActiveCfg = Debug|Any CPU
		{10B5B2E0-2622-4ACD-BFC7-97DBF0C7E05D}.Debug|Any CPU.Build.0 = Debug|Any CPU
		{10B5B2E0-2622-4ACD-BFC7-97DBF0C7E05D}.Release|Any CPU.ActiveCfg = Release|Any CPU
		{10B5B2E0-2622-4ACD-BFC7-97DBF0C7E05D}.Release|Any CPU.Build.0 = Release|Any CPU
		{284646C4-1499-4AC4-9ED0-C63484A29CF1}.Debug|Any CPU.ActiveCfg = Debug|Any CPU
		{284646C4-1499-4AC4-9ED0-C63484A29CF1}.Debug|Any CPU.Build.0 = Debug|Any CPU
		{284646C4-1499-4AC4-9ED0-C63484A29CF1}.Release|Any CPU.ActiveCfg = Release|Any CPU
		{284646C4-1499-4AC4-9ED0-C63484A29CF1}.Release|Any CPU.Build.0 = Release|Any CPU
		{C2FA58FA-27D7-477F-8EBD-036021FA7005}.Debug|Any CPU.ActiveCfg = Debug|Any CPU
		{C2FA58FA-27D7-477F-8EBD-036021FA7005}.Debug|Any CPU.Build.0 = Debug|Any CPU
		{C2FA58FA-27D7-477F-8EBD-036021FA7005}.Release|Any CPU.ActiveCfg = Release|Any CPU
		{C2FA58FA-27D7-477F-8EBD-036021FA7005}.Release|Any CPU.Build.0 = Release|Any CPU
		{46B46385-45C3-465B-ADE3-77949056D062}.Debug|Any CPU.ActiveCfg = Debug|Any CPU
		{46B46385-45C3-465B-ADE3-77949056D062}.Debug|Any CPU.Build.0 = Debug|Any CPU
		{46B46385-45C3-465B-ADE3-77949056D062}.Release|Any CPU.ActiveCfg = Release|Any CPU
		{46B46385-45C3-465B-ADE3-77949056D062}.Release|Any CPU.Build.0 = Release|Any CPU
		{4C2BBA62-0D44-477E-BC51-A67ED9738721}.Debug|Any CPU.ActiveCfg = Debug|Any CPU
		{4C2BBA62-0D44-477E-BC51-A67ED9738721}.Debug|Any CPU.Build.0 = Debug|Any CPU
		{4C2BBA62-0D44-477E-BC51-A67ED9738721}.Release|Any CPU.ActiveCfg = Release|Any CPU
		{4C2BBA62-0D44-477E-BC51-A67ED9738721}.Release|Any CPU.Build.0 = Release|Any CPU
		{EE30E426-D280-4610-9A75-55AFEA783D6B}.Debug|Any CPU.ActiveCfg = Debug|Any CPU
		{EE30E426-D280-4610-9A75-55AFEA783D6B}.Debug|Any CPU.Build.0 = Debug|Any CPU
		{EE30E426-D280-4610-9A75-55AFEA783D6B}.Release|Any CPU.ActiveCfg = Release|Any CPU
		{EE30E426-D280-4610-9A75-55AFEA783D6B}.Release|Any CPU.Build.0 = Release|Any CPU
		{8A131330-17FB-415B-9611-F8A0B4DB6343}.Debug|Any CPU.ActiveCfg = Debug|Any CPU
		{8A131330-17FB-415B-9611-F8A0B4DB6343}.Debug|Any CPU.Build.0 = Debug|Any CPU
		{8A131330-17FB-415B-9611-F8A0B4DB6343}.Release|Any CPU.ActiveCfg = Release|Any CPU
		{8A131330-17FB-415B-9611-F8A0B4DB6343}.Release|Any CPU.Build.0 = Release|Any CPU
		{028BB6EC-96FA-4872-AAB8-741B0B097FEF}.Debug|Any CPU.ActiveCfg = Debug|Any CPU
		{028BB6EC-96FA-4872-AAB8-741B0B097FEF}.Debug|Any CPU.Build.0 = Debug|Any CPU
		{028BB6EC-96FA-4872-AAB8-741B0B097FEF}.Release|Any CPU.ActiveCfg = Release|Any CPU
		{028BB6EC-96FA-4872-AAB8-741B0B097FEF}.Release|Any CPU.Build.0 = Release|Any CPU
		{177A16F5-960A-4672-93CD-BAF2EB49208D}.Debug|Any CPU.ActiveCfg = Debug|Any CPU
		{177A16F5-960A-4672-93CD-BAF2EB49208D}.Debug|Any CPU.Build.0 = Debug|Any CPU
		{177A16F5-960A-4672-93CD-BAF2EB49208D}.Release|Any CPU.ActiveCfg = Release|Any CPU
		{177A16F5-960A-4672-93CD-BAF2EB49208D}.Release|Any CPU.Build.0 = Release|Any CPU
	EndGlobalSection
	GlobalSection(SolutionProperties) = preSolution
		HideSolutionNode = FALSE
	EndGlobalSection
EndGlobal
