
Microsoft Visual Studio Solution File, Format Version 12.00
# Visual Studio 2013
VisualStudioVersion = 12.0.31101.0
MinimumVisualStudioVersion = 10.0.40219.1
Project("{FAE04EC0-301F-11D3-BF4B-00C04F79EFBC}") = "CompoundInterest", "CompoundInterest\CompoundInterest.csproj", "{0EE99FDA-C0C6-419C-B79E-2911662CE1FF}"
EndProject
Project("{FAE04EC0-301F-11D3-BF4B-00C04F79EFBC}") = "sunlight", "sunlight\sunlight.csproj", "{232E5EED-A5E6-4665-8D33-D74323B9F208}"
EndProject
Project("{FAE04EC0-301F-11D3-BF4B-00C04F79EFBC}") = "Petars_Game", "Petars_Game\Petars_Game.csproj", "{93220FDC-84A2-4CD3-9EE0-0AF801BFA602}"
EndProject
Project("{FAE04EC0-301F-11D3-BF4B-00C04F79EFBC}") = "dream_item", "dream_item\dream_item.csproj", "{E7151E50-BFCD-4A99-BB27-723BBD6E3D26}"
EndProject
Global
	GlobalSection(SolutionConfigurationPlatforms) = preSolution
		Debug|Any CPU = Debug|Any CPU
		Release|Any CPU = Release|Any CPU
	EndGlobalSection
	GlobalSection(ProjectConfigurationPlatforms) = postSolution
		{0EE99FDA-C0C6-419C-B79E-2911662CE1FF}.Debug|Any CPU.ActiveCfg = Debug|Any CPU
		{0EE99FDA-C0C6-419C-B79E-2911662CE1FF}.Debug|Any CPU.Build.0 = Debug|Any CPU
		{0EE99FDA-C0C6-419C-B79E-2911662CE1FF}.Release|Any CPU.ActiveCfg = Release|Any CPU
		{0EE99FDA-C0C6-419C-B79E-2911662CE1FF}.Release|Any CPU.Build.0 = Release|Any CPU
		{232E5EED-A5E6-4665-8D33-D74323B9F208}.Debug|Any CPU.ActiveCfg = Debug|Any CPU
		{232E5EED-A5E6-4665-8D33-D74323B9F208}.Debug|Any CPU.Build.0 = Debug|Any CPU
		{232E5EED-A5E6-4665-8D33-D74323B9F208}.Release|Any CPU.ActiveCfg = Release|Any CPU
		{232E5EED-A5E6-4665-8D33-D74323B9F208}.Release|Any CPU.Build.0 = Release|Any CPU
		{93220FDC-84A2-4CD3-9EE0-0AF801BFA602}.Debug|Any CPU.ActiveCfg = Debug|Any CPU
		{93220FDC-84A2-4CD3-9EE0-0AF801BFA602}.Debug|Any CPU.Build.0 = Debug|Any CPU
		{93220FDC-84A2-4CD3-9EE0-0AF801BFA602}.Release|Any CPU.ActiveCfg = Release|Any CPU
		{93220FDC-84A2-4CD3-9EE0-0AF801BFA602}.Release|Any CPU.Build.0 = Release|Any CPU
		{E7151E50-BFCD-4A99-BB27-723BBD6E3D26}.Debug|Any CPU.ActiveCfg = Debug|Any CPU
		{E7151E50-BFCD-4A99-BB27-723BBD6E3D26}.Debug|Any CPU.Build.0 = Debug|Any CPU
		{E7151E50-BFCD-4A99-BB27-723BBD6E3D26}.Release|Any CPU.ActiveCfg = Release|Any CPU
		{E7151E50-BFCD-4A99-BB27-723BBD6E3D26}.Release|Any CPU.Build.0 = Release|Any CPU
	EndGlobalSection
	GlobalSection(SolutionProperties) = preSolution
		HideSolutionNode = FALSE
	EndGlobalSection
EndGlobal
